// !$*UTF8*$!
{
	archiveVersion = 1;
	classes = {
	};
	objectVersion = 52;
	objects = {

/* Begin PBXBuildFile section */
		C816503A27F65D1700281A8A /* BoldlyGiffingMacApp.swift in Sources */ = {isa = PBXBuildFile; fileRef = C816503927F65D1700281A8A /* BoldlyGiffingMacApp.swift */; };
		C816503C27F65D1700281A8A /* ContentView.swift in Sources */ = {isa = PBXBuildFile; fileRef = C816503B27F65D1700281A8A /* ContentView.swift */; };
		C816503E27F65D1700281A8A /* Assets.xcassets in Resources */ = {isa = PBXBuildFile; fileRef = C816503D27F65D1700281A8A /* Assets.xcassets */; };
		C816504127F65D1700281A8A /* Preview Assets.xcassets in Resources */ = {isa = PBXBuildFile; fileRef = C816504027F65D1700281A8A /* Preview Assets.xcassets */; };
		C816504C27F65D1700281A8A /* BoldlyGiffingMacTests.swift in Sources */ = {isa = PBXBuildFile; fileRef = C816504B27F65D1700281A8A /* BoldlyGiffingMacTests.swift */; };
		C816505627F65D1700281A8A /* BoldlyGiffingMacUITests.swift in Sources */ = {isa = PBXBuildFile; fileRef = C816505527F65D1700281A8A /* BoldlyGiffingMacUITests.swift */; };
		C816505827F65D1700281A8A /* BoldlyGiffingMacUITestsLaunchTests.swift in Sources */ = {isa = PBXBuildFile; fileRef = C816505727F65D1700281A8A /* BoldlyGiffingMacUITestsLaunchTests.swift */; };
		C816506527F65D4700281A8A /* ThumbnailView.swift in Sources */ = {isa = PBXBuildFile; fileRef = C816506327F65D4700281A8A /* ThumbnailView.swift */; };
		C816506927F6609B00281A8A /* GifView.swift in Sources */ = {isa = PBXBuildFile; fileRef = C816506827F6609B00281A8A /* GifView.swift */; };
		C816506A27F6609B00281A8A /* GifView.swift in Sources */ = {isa = PBXBuildFile; fileRef = C816506827F6609B00281A8A /* GifView.swift */; };
		C816506C27F660B900281A8A /* ThumbnailView.swift in Sources */ = {isa = PBXBuildFile; fileRef = C816506327F65D4700281A8A /* ThumbnailView.swift */; };
		C816506E27F6614F00281A8A /* Gif.swift in Sources */ = {isa = PBXBuildFile; fileRef = C816506D27F6614A00281A8A /* Gif.swift */; };
		C816506F27F6615000281A8A /* Gif.swift in Sources */ = {isa = PBXBuildFile; fileRef = C816506D27F6614A00281A8A /* Gif.swift */; };
		C81CCA8A1F142B7400548B79 /* Int + Extensions.swift in Sources */ = {isa = PBXBuildFile; fileRef = C81CCA891F142B7400548B79 /* Int + Extensions.swift */; };
		C8377ADA1F352BDD00936729 /* LcarsButton.swift in Sources */ = {isa = PBXBuildFile; fileRef = C8377AD91F352BDD00936729 /* LcarsButton.swift */; };
		C85010F91F214A8B00F703A4 /* CharacterPickerView.swift in Sources */ = {isa = PBXBuildFile; fileRef = C85010F81F214A8B00F703A4 /* CharacterPickerView.swift */; };
		C85BA4CC1F3660310055BA63 /* UIFont + Extensions.swift in Sources */ = {isa = PBXBuildFile; fileRef = C85BA4CB1F3660310055BA63 /* UIFont + Extensions.swift */; };
		C85BA4CD1F3662CC0055BA63 /* Swiss911BT-UltraCompressed.otf in Resources */ = {isa = PBXBuildFile; fileRef = C85BA4CA1F365FF90055BA63 /* Swiss911BT-UltraCompressed.otf */; };
		C87530F71F2136D700197CEC /* CharacterPickerView.xib in Resources */ = {isa = PBXBuildFile; fileRef = C87530F61F2136D700197CEC /* CharacterPickerView.xib */; };
		C89DE5471F06E636000ABC82 /* Assets.xcassets in Resources */ = {isa = PBXBuildFile; fileRef = C89DE5461F06E636000ABC82 /* Assets.xcassets */; };
		C89DE54E1F06E636000ABC82 /* BoldyGiffing MessagesExtension.appex in Embed App Extensions */ = {isa = PBXBuildFile; fileRef = C89DE54D1F06E636000ABC82 /* BoldyGiffing MessagesExtension.appex */; settings = {ATTRIBUTES = (RemoveHeadersOnCopy, ); }; };
		C89DE5531F06E636000ABC82 /* Messages.framework in Frameworks */ = {isa = PBXBuildFile; fileRef = C89DE5521F06E636000ABC82 /* Messages.framework */; };
		C89DE55B1F06E636000ABC82 /* Assets.xcassets in Resources */ = {isa = PBXBuildFile; fileRef = C89DE55A1F06E636000ABC82 /* Assets.xcassets */; };
		C8ABCE432804D0520001CD71 /* AppDelegate.swift in Sources */ = {isa = PBXBuildFile; fileRef = C8ABCE422804D0520001CD71 /* AppDelegate.swift */; };
		C8ABCE4728062EBD0001CD71 /* Post.swift in Sources */ = {isa = PBXBuildFile; fileRef = C8ABCE4628062EBD0001CD71 /* Post.swift */; };
		C8ABCE48280631130001CD71 /* Post.swift in Sources */ = {isa = PBXBuildFile; fileRef = C8ABCE4628062EBD0001CD71 /* Post.swift */; };
		C8D753A327F79A4D004B4699 /* SDWebImageSwiftUI in Frameworks */ = {isa = PBXBuildFile; productRef = C8D753A227F79A4D004B4699 /* SDWebImageSwiftUI */; };
		C8D753A527F7AAB4004B4699 /* MainView.swift in Sources */ = {isa = PBXBuildFile; fileRef = C8D753A427F7AAB4004B4699 /* MainView.swift */; };
		C8D753A827F7AB66004B4699 /* MainViewStoryboard.storyboard in Resources */ = {isa = PBXBuildFile; fileRef = C8D753A727F7AB66004B4699 /* MainViewStoryboard.storyboard */; };
		C8D753AB27F7ABE7004B4699 /* SDWebImageSwiftUI in Frameworks */ = {isa = PBXBuildFile; productRef = C8D753AA27F7ABE7004B4699 /* SDWebImageSwiftUI */; };
		C8D753AD27F7AC71004B4699 /* MessagesViewControllerNEW.swift in Sources */ = {isa = PBXBuildFile; fileRef = C8D753AC27F7AC71004B4699 /* MessagesViewControllerNEW.swift */; };
		C8D753AF27F7B12F004B4699 /* MainHostingController.swift in Sources */ = {isa = PBXBuildFile; fileRef = C8D753AE27F7B12F004B4699 /* MainHostingController.swift */; };
		C8D753B127F7BFB0004B4699 /* MainViewModel.swift in Sources */ = {isa = PBXBuildFile; fileRef = C8D753B027F7BFB0004B4699 /* MainViewModel.swift */; };
		C8D753B227F7CB1C004B4699 /* MainViewModel.swift in Sources */ = {isa = PBXBuildFile; fileRef = C8D753B027F7BFB0004B4699 /* MainViewModel.swift */; };
		C8D753B527FCEABE004B4699 /* InfoResponse.swift in Sources */ = {isa = PBXBuildFile; fileRef = C8D753B427FCEABE004B4699 /* InfoResponse.swift */; };
		C8D753B727FCF221004B4699 /* ModelLoader.swift in Sources */ = {isa = PBXBuildFile; fileRef = C8D753B627FCF221004B4699 /* ModelLoader.swift */; };
		C8D753B827FCFB85004B4699 /* ModelLoader.swift in Sources */ = {isa = PBXBuildFile; fileRef = C8D753B627FCF221004B4699 /* ModelLoader.swift */; };
		C8D753B927FCFB93004B4699 /* InfoResponse.swift in Sources */ = {isa = PBXBuildFile; fileRef = C8D753B427FCEABE004B4699 /* InfoResponse.swift */; };
		C8FF84681F3E778200412148 /* MainInterface.storyboard in Resources */ = {isa = PBXBuildFile; fileRef = C89DE5571F06E636000ABC82 /* MainInterface.storyboard */; };
/* End PBXBuildFile section */

/* Begin PBXContainerItemProxy section */
		C816504827F65D1700281A8A /* PBXContainerItemProxy */ = {
			isa = PBXContainerItemProxy;
			containerPortal = C89DE53D1F06E636000ABC82 /* Project object */;
			proxyType = 1;
			remoteGlobalIDString = C816503627F65D1700281A8A;
			remoteInfo = BoldlyGiffingMac;
		};
		C816505227F65D1700281A8A /* PBXContainerItemProxy */ = {
			isa = PBXContainerItemProxy;
			containerPortal = C89DE53D1F06E636000ABC82 /* Project object */;
			proxyType = 1;
			remoteGlobalIDString = C816503627F65D1700281A8A;
			remoteInfo = BoldlyGiffingMac;
		};
		C89DE54F1F06E636000ABC82 /* PBXContainerItemProxy */ = {
			isa = PBXContainerItemProxy;
			containerPortal = C89DE53D1F06E636000ABC82 /* Project object */;
			proxyType = 1;
			remoteGlobalIDString = C89DE54C1F06E636000ABC82;
			remoteInfo = "BoldyGiffing MessagesExtension";
		};
/* End PBXContainerItemProxy section */

/* Begin PBXCopyFilesBuildPhase section */
		C87C80AD1F071C3800704E19 /* CopyFiles */ = {
			isa = PBXCopyFilesBuildPhase;
			buildActionMask = 2147483647;
			dstPath = "";
			dstSubfolderSpec = 10;
			files = (
			);
			runOnlyForDeploymentPostprocessing = 0;
		};
		C89DE5621F06E636000ABC82 /* Embed App Extensions */ = {
			isa = PBXCopyFilesBuildPhase;
			buildActionMask = 2147483647;
			dstPath = "";
			dstSubfolderSpec = 13;
			files = (
				C89DE54E1F06E636000ABC82 /* BoldyGiffing MessagesExtension.appex in Embed App Extensions */,
			);
			name = "Embed App Extensions";
			runOnlyForDeploymentPostprocessing = 0;
		};
/* End PBXCopyFilesBuildPhase section */

/* Begin PBXFileReference section */
		C816503727F65D1700281A8A /* BoldlyGiffingMac.app */ = {isa = PBXFileReference; explicitFileType = wrapper.application; includeInIndex = 0; path = BoldlyGiffingMac.app; sourceTree = BUILT_PRODUCTS_DIR; };
		C816503927F65D1700281A8A /* BoldlyGiffingMacApp.swift */ = {isa = PBXFileReference; lastKnownFileType = sourcecode.swift; path = BoldlyGiffingMacApp.swift; sourceTree = "<group>"; };
		C816503B27F65D1700281A8A /* ContentView.swift */ = {isa = PBXFileReference; lastKnownFileType = sourcecode.swift; path = ContentView.swift; sourceTree = "<group>"; };
		C816503D27F65D1700281A8A /* Assets.xcassets */ = {isa = PBXFileReference; lastKnownFileType = folder.assetcatalog; path = Assets.xcassets; sourceTree = "<group>"; };
		C816504027F65D1700281A8A /* Preview Assets.xcassets */ = {isa = PBXFileReference; lastKnownFileType = folder.assetcatalog; path = "Preview Assets.xcassets"; sourceTree = "<group>"; };
		C816504227F65D1700281A8A /* BoldlyGiffingMac.entitlements */ = {isa = PBXFileReference; lastKnownFileType = text.plist.entitlements; path = BoldlyGiffingMac.entitlements; sourceTree = "<group>"; };
		C816504727F65D1700281A8A /* BoldlyGiffingMacTests.xctest */ = {isa = PBXFileReference; explicitFileType = wrapper.cfbundle; includeInIndex = 0; path = BoldlyGiffingMacTests.xctest; sourceTree = BUILT_PRODUCTS_DIR; };
		C816504B27F65D1700281A8A /* BoldlyGiffingMacTests.swift */ = {isa = PBXFileReference; lastKnownFileType = sourcecode.swift; path = BoldlyGiffingMacTests.swift; sourceTree = "<group>"; };
		C816505127F65D1700281A8A /* BoldlyGiffingMacUITests.xctest */ = {isa = PBXFileReference; explicitFileType = wrapper.cfbundle; includeInIndex = 0; path = BoldlyGiffingMacUITests.xctest; sourceTree = BUILT_PRODUCTS_DIR; };
		C816505527F65D1700281A8A /* BoldlyGiffingMacUITests.swift */ = {isa = PBXFileReference; lastKnownFileType = sourcecode.swift; path = BoldlyGiffingMacUITests.swift; sourceTree = "<group>"; };
		C816505727F65D1700281A8A /* BoldlyGiffingMacUITestsLaunchTests.swift */ = {isa = PBXFileReference; lastKnownFileType = sourcecode.swift; path = BoldlyGiffingMacUITestsLaunchTests.swift; sourceTree = "<group>"; };
		C816506327F65D4700281A8A /* ThumbnailView.swift */ = {isa = PBXFileReference; lastKnownFileType = sourcecode.swift; path = ThumbnailView.swift; sourceTree = "<group>"; };
		C816506827F6609B00281A8A /* GifView.swift */ = {isa = PBXFileReference; lastKnownFileType = sourcecode.swift; path = GifView.swift; sourceTree = "<group>"; };
		C816506D27F6614A00281A8A /* Gif.swift */ = {isa = PBXFileReference; lastKnownFileType = sourcecode.swift; path = Gif.swift; sourceTree = "<group>"; };
		C81CCA891F142B7400548B79 /* Int + Extensions.swift */ = {isa = PBXFileReference; lastKnownFileType = sourcecode.swift; path = "Int + Extensions.swift"; sourceTree = "<group>"; };
		C8377AD91F352BDD00936729 /* LcarsButton.swift */ = {isa = PBXFileReference; lastKnownFileType = sourcecode.swift; path = LcarsButton.swift; sourceTree = "<group>"; };
		C85010F81F214A8B00F703A4 /* CharacterPickerView.swift */ = {isa = PBXFileReference; lastKnownFileType = sourcecode.swift; path = CharacterPickerView.swift; sourceTree = "<group>"; };
		C85BA4CA1F365FF90055BA63 /* Swiss911BT-UltraCompressed.otf */ = {isa = PBXFileReference; lastKnownFileType = file; path = "Swiss911BT-UltraCompressed.otf"; sourceTree = "<group>"; };
		C85BA4CB1F3660310055BA63 /* UIFont + Extensions.swift */ = {isa = PBXFileReference; lastKnownFileType = sourcecode.swift; path = "UIFont + Extensions.swift"; sourceTree = "<group>"; };
		C87530F61F2136D700197CEC /* CharacterPickerView.xib */ = {isa = PBXFileReference; lastKnownFileType = file.xib; path = CharacterPickerView.xib; sourceTree = "<group>"; };
		C89DE5431F06E636000ABC82 /* BoldyGiffing.app */ = {isa = PBXFileReference; explicitFileType = wrapper.application; includeInIndex = 0; path = BoldyGiffing.app; sourceTree = BUILT_PRODUCTS_DIR; };
		C89DE5461F06E636000ABC82 /* Assets.xcassets */ = {isa = PBXFileReference; lastKnownFileType = folder.assetcatalog; path = Assets.xcassets; sourceTree = "<group>"; };
		C89DE5481F06E636000ABC82 /* Info.plist */ = {isa = PBXFileReference; lastKnownFileType = text.plist.xml; path = Info.plist; sourceTree = "<group>"; };
		C89DE54D1F06E636000ABC82 /* BoldyGiffing MessagesExtension.appex */ = {isa = PBXFileReference; explicitFileType = "wrapper.app-extension"; includeInIndex = 0; path = "BoldyGiffing MessagesExtension.appex"; sourceTree = BUILT_PRODUCTS_DIR; };
		C89DE5521F06E636000ABC82 /* Messages.framework */ = {isa = PBXFileReference; lastKnownFileType = wrapper.framework; name = Messages.framework; path = System/Library/Frameworks/Messages.framework; sourceTree = SDKROOT; };
		C89DE5581F06E636000ABC82 /* Base */ = {isa = PBXFileReference; lastKnownFileType = file.storyboard; name = Base; path = Base.lproj/MainInterface.storyboard; sourceTree = "<group>"; };
		C89DE55A1F06E636000ABC82 /* Assets.xcassets */ = {isa = PBXFileReference; lastKnownFileType = folder.assetcatalog; path = Assets.xcassets; sourceTree = "<group>"; };
		C89DE55C1F06E636000ABC82 /* Info.plist */ = {isa = PBXFileReference; lastKnownFileType = text.plist.xml; path = Info.plist; sourceTree = "<group>"; };
		C8ABCE422804D0520001CD71 /* AppDelegate.swift */ = {isa = PBXFileReference; lastKnownFileType = sourcecode.swift; path = AppDelegate.swift; sourceTree = "<group>"; };
		C8ABCE452804D7AB0001CD71 /* Info.plist */ = {isa = PBXFileReference; lastKnownFileType = text.plist; path = Info.plist; sourceTree = "<group>"; };
		C8ABCE4628062EBD0001CD71 /* Post.swift */ = {isa = PBXFileReference; lastKnownFileType = sourcecode.swift; path = Post.swift; sourceTree = "<group>"; };
		C8D753A427F7AAB4004B4699 /* MainView.swift */ = {isa = PBXFileReference; lastKnownFileType = sourcecode.swift; path = MainView.swift; sourceTree = "<group>"; };
		C8D753A727F7AB66004B4699 /* MainViewStoryboard.storyboard */ = {isa = PBXFileReference; lastKnownFileType = file.storyboard; path = MainViewStoryboard.storyboard; sourceTree = "<group>"; };
		C8D753AC27F7AC71004B4699 /* MessagesViewControllerNEW.swift */ = {isa = PBXFileReference; lastKnownFileType = sourcecode.swift; path = MessagesViewControllerNEW.swift; sourceTree = "<group>"; };
		C8D753AE27F7B12F004B4699 /* MainHostingController.swift */ = {isa = PBXFileReference; lastKnownFileType = sourcecode.swift; path = MainHostingController.swift; sourceTree = "<group>"; };
		C8D753B027F7BFB0004B4699 /* MainViewModel.swift */ = {isa = PBXFileReference; lastKnownFileType = sourcecode.swift; path = MainViewModel.swift; sourceTree = "<group>"; };
		C8D753B427FCEABE004B4699 /* InfoResponse.swift */ = {isa = PBXFileReference; lastKnownFileType = sourcecode.swift; path = InfoResponse.swift; sourceTree = "<group>"; };
		C8D753B627FCF221004B4699 /* ModelLoader.swift */ = {isa = PBXFileReference; lastKnownFileType = sourcecode.swift; path = ModelLoader.swift; sourceTree = "<group>"; };
/* End PBXFileReference section */

/* Begin PBXFrameworksBuildPhase section */
		C816503427F65D1700281A8A /* Frameworks */ = {
			isa = PBXFrameworksBuildPhase;
			buildActionMask = 2147483647;
			files = (
				C8D753A327F79A4D004B4699 /* SDWebImageSwiftUI in Frameworks */,
			);
			runOnlyForDeploymentPostprocessing = 0;
		};
		C816504427F65D1700281A8A /* Frameworks */ = {
			isa = PBXFrameworksBuildPhase;
			buildActionMask = 2147483647;
			files = (
			);
			runOnlyForDeploymentPostprocessing = 0;
		};
		C816504E27F65D1700281A8A /* Frameworks */ = {
			isa = PBXFrameworksBuildPhase;
			buildActionMask = 2147483647;
			files = (
			);
			runOnlyForDeploymentPostprocessing = 0;
		};
		C89DE54A1F06E636000ABC82 /* Frameworks */ = {
			isa = PBXFrameworksBuildPhase;
			buildActionMask = 2147483647;
			files = (
				C8D753AB27F7ABE7004B4699 /* SDWebImageSwiftUI in Frameworks */,
				C89DE5531F06E636000ABC82 /* Messages.framework in Frameworks */,
			);
			runOnlyForDeploymentPostprocessing = 0;
		};
/* End PBXFrameworksBuildPhase section */

/* Begin PBXGroup section */
		C816503827F65D1700281A8A /* BoldlyGiffingMac */ = {
			isa = PBXGroup;
			children = (
				C8ABCE452804D7AB0001CD71 /* Info.plist */,
				C816506B27F660A200281A8A /* UI */,
				C8ABCE422804D0520001CD71 /* AppDelegate.swift */,
				C816503927F65D1700281A8A /* BoldlyGiffingMacApp.swift */,
				C816503B27F65D1700281A8A /* ContentView.swift */,
				C816503D27F65D1700281A8A /* Assets.xcassets */,
				C816504227F65D1700281A8A /* BoldlyGiffingMac.entitlements */,
				C816503F27F65D1700281A8A /* Preview Content */,
			);
			path = BoldlyGiffingMac;
			sourceTree = "<group>";
		};
		C816503F27F65D1700281A8A /* Preview Content */ = {
			isa = PBXGroup;
			children = (
				C816504027F65D1700281A8A /* Preview Assets.xcassets */,
			);
			path = "Preview Content";
			sourceTree = "<group>";
		};
		C816504A27F65D1700281A8A /* BoldlyGiffingMacTests */ = {
			isa = PBXGroup;
			children = (
				C816504B27F65D1700281A8A /* BoldlyGiffingMacTests.swift */,
			);
			path = BoldlyGiffingMacTests;
			sourceTree = "<group>";
		};
		C816505427F65D1700281A8A /* BoldlyGiffingMacUITests */ = {
			isa = PBXGroup;
			children = (
				C816505527F65D1700281A8A /* BoldlyGiffingMacUITests.swift */,
				C816505727F65D1700281A8A /* BoldlyGiffingMacUITestsLaunchTests.swift */,
			);
			path = BoldlyGiffingMacUITests;
			sourceTree = "<group>";
		};
		C816506B27F660A200281A8A /* UI */ = {
			isa = PBXGroup;
			children = (
			);
			path = UI;
			sourceTree = "<group>";
		};
		C86717FD280639110065F17C /* UI */ = {
			isa = PBXGroup;
			children = (
				C816506827F6609B00281A8A /* GifView.swift */,
				C816506327F65D4700281A8A /* ThumbnailView.swift */,
			);
			path = UI;
			sourceTree = "<group>";
		};
		C89DE53C1F06E636000ABC82 = {
			isa = PBXGroup;
			children = (
				C89DE5451F06E636000ABC82 /* BoldyGiffing */,
				C89DE5541F06E636000ABC82 /* BoldyGiffing MessagesExtension */,
				C816503827F65D1700281A8A /* BoldlyGiffingMac */,
				C816504A27F65D1700281A8A /* BoldlyGiffingMacTests */,
				C816505427F65D1700281A8A /* BoldlyGiffingMacUITests */,
				C89DE5511F06E636000ABC82 /* Frameworks */,
				C89DE5441F06E636000ABC82 /* Products */,
			);
			sourceTree = "<group>";
		};
		C89DE5441F06E636000ABC82 /* Products */ = {
			isa = PBXGroup;
			children = (
				C89DE5431F06E636000ABC82 /* BoldyGiffing.app */,
				C89DE54D1F06E636000ABC82 /* BoldyGiffing MessagesExtension.appex */,
				C816503727F65D1700281A8A /* BoldlyGiffingMac.app */,
				C816504727F65D1700281A8A /* BoldlyGiffingMacTests.xctest */,
				C816505127F65D1700281A8A /* BoldlyGiffingMacUITests.xctest */,
			);
			name = Products;
			sourceTree = "<group>";
		};
		C89DE5451F06E636000ABC82 /* BoldyGiffing */ = {
			isa = PBXGroup;
			children = (
				C8ABCE49280638F10001CD71 /* Shared */,
				C89DE5461F06E636000ABC82 /* Assets.xcassets */,
				C89DE5481F06E636000ABC82 /* Info.plist */,
			);
			path = BoldyGiffing;
			sourceTree = "<group>";
		};
		C89DE5511F06E636000ABC82 /* Frameworks */ = {
			isa = PBXGroup;
			children = (
				C89DE5521F06E636000ABC82 /* Messages.framework */,
			);
			name = Frameworks;
			sourceTree = "<group>";
		};
		C89DE5541F06E636000ABC82 /* BoldyGiffing MessagesExtension */ = {
			isa = PBXGroup;
			children = (
				C8FF84641F3E551400412148 /* Extensions */,
				C8FF84671F3E55AC00412148 /* Resources */,
				C8FF84661F3E553C00412148 /* UI */,
				C8D753AC27F7AC71004B4699 /* MessagesViewControllerNEW.swift */,
				C8D753AE27F7B12F004B4699 /* MainHostingController.swift */,
			);
			path = "BoldyGiffing MessagesExtension";
			sourceTree = "<group>";
		};
		C8ABCE49280638F10001CD71 /* Shared */ = {
			isa = PBXGroup;
			children = (
				C86717FD280639110065F17C /* UI */,
				C8ABCE4628062EBD0001CD71 /* Post.swift */,
				C816506D27F6614A00281A8A /* Gif.swift */,
				C8D753B427FCEABE004B4699 /* InfoResponse.swift */,
				C8D753B627FCF221004B4699 /* ModelLoader.swift */,
			);
			path = Shared;
			sourceTree = "<group>";
		};
		C8FF84641F3E551400412148 /* Extensions */ = {
			isa = PBXGroup;
			children = (
				C81CCA891F142B7400548B79 /* Int + Extensions.swift */,
				C85BA4CB1F3660310055BA63 /* UIFont + Extensions.swift */,
			);
			path = Extensions;
			sourceTree = "<group>";
		};
		C8FF84661F3E553C00412148 /* UI */ = {
			isa = PBXGroup;
			children = (
				C85010F81F214A8B00F703A4 /* CharacterPickerView.swift */,
				C87530F61F2136D700197CEC /* CharacterPickerView.xib */,
				C8377AD91F352BDD00936729 /* LcarsButton.swift */,
				C89DE5571F06E636000ABC82 /* MainInterface.storyboard */,
				C8D753A427F7AAB4004B4699 /* MainView.swift */,
				C8D753A727F7AB66004B4699 /* MainViewStoryboard.storyboard */,
				C8D753B027F7BFB0004B4699 /* MainViewModel.swift */,
			);
			path = UI;
			sourceTree = "<group>";
		};
		C8FF84671F3E55AC00412148 /* Resources */ = {
			isa = PBXGroup;
			children = (
				C89DE55A1F06E636000ABC82 /* Assets.xcassets */,
				C89DE55C1F06E636000ABC82 /* Info.plist */,
				C85BA4CA1F365FF90055BA63 /* Swiss911BT-UltraCompressed.otf */,
			);
			path = Resources;
			sourceTree = "<group>";
		};
/* End PBXGroup section */

/* Begin PBXNativeTarget section */
		C816503627F65D1700281A8A /* BoldlyGiffingMac */ = {
			isa = PBXNativeTarget;
			buildConfigurationList = C816505F27F65D1700281A8A /* Build configuration list for PBXNativeTarget "BoldlyGiffingMac" */;
			buildPhases = (
				C816503327F65D1700281A8A /* Sources */,
				C816503427F65D1700281A8A /* Frameworks */,
				C816503527F65D1700281A8A /* Resources */,
			);
			buildRules = (
			);
			dependencies = (
			);
			name = BoldlyGiffingMac;
			packageProductDependencies = (
				C8D753A227F79A4D004B4699 /* SDWebImageSwiftUI */,
			);
			productName = BoldlyGiffingMac;
			productReference = C816503727F65D1700281A8A /* BoldlyGiffingMac.app */;
			productType = "com.apple.product-type.application";
		};
		C816504627F65D1700281A8A /* BoldlyGiffingMacTests */ = {
			isa = PBXNativeTarget;
			buildConfigurationList = C816506027F65D1700281A8A /* Build configuration list for PBXNativeTarget "BoldlyGiffingMacTests" */;
			buildPhases = (
				C816504327F65D1700281A8A /* Sources */,
				C816504427F65D1700281A8A /* Frameworks */,
				C816504527F65D1700281A8A /* Resources */,
			);
			buildRules = (
			);
			dependencies = (
				C816504927F65D1700281A8A /* PBXTargetDependency */,
			);
			name = BoldlyGiffingMacTests;
			productName = BoldlyGiffingMacTests;
			productReference = C816504727F65D1700281A8A /* BoldlyGiffingMacTests.xctest */;
			productType = "com.apple.product-type.bundle.unit-test";
		};
		C816505027F65D1700281A8A /* BoldlyGiffingMacUITests */ = {
			isa = PBXNativeTarget;
			buildConfigurationList = C816506127F65D1700281A8A /* Build configuration list for PBXNativeTarget "BoldlyGiffingMacUITests" */;
			buildPhases = (
				C816504D27F65D1700281A8A /* Sources */,
				C816504E27F65D1700281A8A /* Frameworks */,
				C816504F27F65D1700281A8A /* Resources */,
			);
			buildRules = (
			);
			dependencies = (
				C816505327F65D1700281A8A /* PBXTargetDependency */,
			);
			name = BoldlyGiffingMacUITests;
			productName = BoldlyGiffingMacUITests;
			productReference = C816505127F65D1700281A8A /* BoldlyGiffingMacUITests.xctest */;
			productType = "com.apple.product-type.bundle.ui-testing";
		};
		C89DE5421F06E636000ABC82 /* BoldyGiffing */ = {
			isa = PBXNativeTarget;
			buildConfigurationList = C89DE5631F06E636000ABC82 /* Build configuration list for PBXNativeTarget "BoldyGiffing" */;
			buildPhases = (
				C89DE5411F06E636000ABC82 /* Resources */,
				C89DE5621F06E636000ABC82 /* Embed App Extensions */,
			);
			buildRules = (
			);
			dependencies = (
				C89DE5501F06E636000ABC82 /* PBXTargetDependency */,
			);
			name = BoldyGiffing;
			packageProductDependencies = (
				C8D753A127F79A29004B4699 /* SDWebImageSwiftUI */,
			);
			productName = BoldyGiffing;
			productReference = C89DE5431F06E636000ABC82 /* BoldyGiffing.app */;
			productType = "com.apple.product-type.application.messages";
		};
		C89DE54C1F06E636000ABC82 /* BoldyGiffing MessagesExtension */ = {
			isa = PBXNativeTarget;
			buildConfigurationList = C89DE55F1F06E636000ABC82 /* Build configuration list for PBXNativeTarget "BoldyGiffing MessagesExtension" */;
			buildPhases = (
				C89DE5491F06E636000ABC82 /* Sources */,
				C89DE54A1F06E636000ABC82 /* Frameworks */,
				C89DE54B1F06E636000ABC82 /* Resources */,
				C87C80AD1F071C3800704E19 /* CopyFiles */,
			);
			buildRules = (
			);
			dependencies = (
			);
			name = "BoldyGiffing MessagesExtension";
			packageProductDependencies = (
				C8D753AA27F7ABE7004B4699 /* SDWebImageSwiftUI */,
			);
			productName = "BoldyGiffing MessagesExtension";
			productReference = C89DE54D1F06E636000ABC82 /* BoldyGiffing MessagesExtension.appex */;
			productType = "com.apple.product-type.app-extension.messages";
		};
/* End PBXNativeTarget section */

/* Begin PBXProject section */
		C89DE53D1F06E636000ABC82 /* Project object */ = {
			isa = PBXProject;
			attributes = {
				DefaultBuildSystemTypeForWorkspace = Latest;
				LastSwiftUpdateCheck = 1330;
				LastUpgradeCheck = 0930;
				ORGANIZATIONNAME = SweetieApps;
				TargetAttributes = {
					C816503627F65D1700281A8A = {
						CreatedOnToolsVersion = 13.3;
					};
					C816504627F65D1700281A8A = {
						CreatedOnToolsVersion = 13.3;
						TestTargetID = C816503627F65D1700281A8A;
					};
					C816505027F65D1700281A8A = {
						CreatedOnToolsVersion = 13.3;
						TestTargetID = C816503627F65D1700281A8A;
					};
					C89DE5421F06E636000ABC82 = {
						CreatedOnToolsVersion = 9.0;
					};
					C89DE54C1F06E636000ABC82 = {
						CreatedOnToolsVersion = 9.0;
						LastSwiftMigration = 1000;
					};
				};
			};
			buildConfigurationList = C89DE5401F06E636000ABC82 /* Build configuration list for PBXProject "BoldyGiffing" */;
			compatibilityVersion = "Xcode 8.0";
			developmentRegion = en;
			hasScannedForEncodings = 0;
			knownRegions = (
				en,
				Base,
			);
			mainGroup = C89DE53C1F06E636000ABC82;
			packageReferences = (
				C8D753A027F79A29004B4699 /* XCRemoteSwiftPackageReference "SDWebImageSwiftUI" */,
			);
			productRefGroup = C89DE5441F06E636000ABC82 /* Products */;
			projectDirPath = "";
			projectRoot = "";
			targets = (
				C89DE5421F06E636000ABC82 /* BoldyGiffing */,
				C89DE54C1F06E636000ABC82 /* BoldyGiffing MessagesExtension */,
				C816503627F65D1700281A8A /* BoldlyGiffingMac */,
				C816504627F65D1700281A8A /* BoldlyGiffingMacTests */,
				C816505027F65D1700281A8A /* BoldlyGiffingMacUITests */,
			);
		};
/* End PBXProject section */

/* Begin PBXResourcesBuildPhase section */
		C816503527F65D1700281A8A /* Resources */ = {
			isa = PBXResourcesBuildPhase;
			buildActionMask = 2147483647;
			files = (
				C816504127F65D1700281A8A /* Preview Assets.xcassets in Resources */,
				C816503E27F65D1700281A8A /* Assets.xcassets in Resources */,
			);
			runOnlyForDeploymentPostprocessing = 0;
		};
		C816504527F65D1700281A8A /* Resources */ = {
			isa = PBXResourcesBuildPhase;
			buildActionMask = 2147483647;
			files = (
			);
			runOnlyForDeploymentPostprocessing = 0;
		};
		C816504F27F65D1700281A8A /* Resources */ = {
			isa = PBXResourcesBuildPhase;
			buildActionMask = 2147483647;
			files = (
			);
			runOnlyForDeploymentPostprocessing = 0;
		};
		C89DE5411F06E636000ABC82 /* Resources */ = {
			isa = PBXResourcesBuildPhase;
			buildActionMask = 2147483647;
			files = (
				C89DE5471F06E636000ABC82 /* Assets.xcassets in Resources */,
			);
			runOnlyForDeploymentPostprocessing = 0;
		};
		C89DE54B1F06E636000ABC82 /* Resources */ = {
			isa = PBXResourcesBuildPhase;
			buildActionMask = 2147483647;
			files = (
				C8FF84681F3E778200412148 /* MainInterface.storyboard in Resources */,
				C85BA4CD1F3662CC0055BA63 /* Swiss911BT-UltraCompressed.otf in Resources */,
				C8D753A827F7AB66004B4699 /* MainViewStoryboard.storyboard in Resources */,
				C89DE55B1F06E636000ABC82 /* Assets.xcassets in Resources */,
				C87530F71F2136D700197CEC /* CharacterPickerView.xib in Resources */,
			);
			runOnlyForDeploymentPostprocessing = 0;
		};
/* End PBXResourcesBuildPhase section */

/* Begin PBXSourcesBuildPhase section */
		C816503327F65D1700281A8A /* Sources */ = {
			isa = PBXSourcesBuildPhase;
			buildActionMask = 2147483647;
			files = (
				C8D753B927FCFB93004B4699 /* InfoResponse.swift in Sources */,
				C8D753B227F7CB1C004B4699 /* MainViewModel.swift in Sources */,
				C8D753B827FCFB85004B4699 /* ModelLoader.swift in Sources */,
				C816506527F65D4700281A8A /* ThumbnailView.swift in Sources */,
				C816506A27F6609B00281A8A /* GifView.swift in Sources */,
				C816503C27F65D1700281A8A /* ContentView.swift in Sources */,
				C816503A27F65D1700281A8A /* BoldlyGiffingMacApp.swift in Sources */,
				C8ABCE432804D0520001CD71 /* AppDelegate.swift in Sources */,
				C816506F27F6615000281A8A /* Gif.swift in Sources */,
				C8ABCE4728062EBD0001CD71 /* Post.swift in Sources */,
			);
			runOnlyForDeploymentPostprocessing = 0;
		};
		C816504327F65D1700281A8A /* Sources */ = {
			isa = PBXSourcesBuildPhase;
			buildActionMask = 2147483647;
			files = (
				C816504C27F65D1700281A8A /* BoldlyGiffingMacTests.swift in Sources */,
			);
			runOnlyForDeploymentPostprocessing = 0;
		};
		C816504D27F65D1700281A8A /* Sources */ = {
			isa = PBXSourcesBuildPhase;
			buildActionMask = 2147483647;
			files = (
				C816505627F65D1700281A8A /* BoldlyGiffingMacUITests.swift in Sources */,
				C816505827F65D1700281A8A /* BoldlyGiffingMacUITestsLaunchTests.swift in Sources */,
			);
			runOnlyForDeploymentPostprocessing = 0;
		};
		C89DE5491F06E636000ABC82 /* Sources */ = {
			isa = PBXSourcesBuildPhase;
			buildActionMask = 2147483647;
			files = (
				C8D753AF27F7B12F004B4699 /* MainHostingController.swift in Sources */,
				C8D753A527F7AAB4004B4699 /* MainView.swift in Sources */,
				C816506927F6609B00281A8A /* GifView.swift in Sources */,
				C8D753B127F7BFB0004B4699 /* MainViewModel.swift in Sources */,
				C85BA4CC1F3660310055BA63 /* UIFont + Extensions.swift in Sources */,
				C8ABCE48280631130001CD71 /* Post.swift in Sources */,
				C816506C27F660B900281A8A /* ThumbnailView.swift in Sources */,
				C816506E27F6614F00281A8A /* Gif.swift in Sources */,
				C85010F91F214A8B00F703A4 /* CharacterPickerView.swift in Sources */,
				C8D753B527FCEABE004B4699 /* InfoResponse.swift in Sources */,
				C8D753AD27F7AC71004B4699 /* MessagesViewControllerNEW.swift in Sources */,
				C8D753B727FCF221004B4699 /* ModelLoader.swift in Sources */,
				C8377ADA1F352BDD00936729 /* LcarsButton.swift in Sources */,
				C81CCA8A1F142B7400548B79 /* Int + Extensions.swift in Sources */,
			);
			runOnlyForDeploymentPostprocessing = 0;
		};
/* End PBXSourcesBuildPhase section */

/* Begin PBXTargetDependency section */
		C816504927F65D1700281A8A /* PBXTargetDependency */ = {
			isa = PBXTargetDependency;
			target = C816503627F65D1700281A8A /* BoldlyGiffingMac */;
			targetProxy = C816504827F65D1700281A8A /* PBXContainerItemProxy */;
		};
		C816505327F65D1700281A8A /* PBXTargetDependency */ = {
			isa = PBXTargetDependency;
			target = C816503627F65D1700281A8A /* BoldlyGiffingMac */;
			targetProxy = C816505227F65D1700281A8A /* PBXContainerItemProxy */;
		};
		C89DE5501F06E636000ABC82 /* PBXTargetDependency */ = {
			isa = PBXTargetDependency;
			target = C89DE54C1F06E636000ABC82 /* BoldyGiffing MessagesExtension */;
			targetProxy = C89DE54F1F06E636000ABC82 /* PBXContainerItemProxy */;
		};
/* End PBXTargetDependency section */

/* Begin PBXVariantGroup section */
		C89DE5571F06E636000ABC82 /* MainInterface.storyboard */ = {
			isa = PBXVariantGroup;
			children = (
				C89DE5581F06E636000ABC82 /* Base */,
			);
			name = MainInterface.storyboard;
			sourceTree = "<group>";
		};
/* End PBXVariantGroup section */

/* Begin XCBuildConfiguration section */
		C816505927F65D1700281A8A /* Debug */ = {
			isa = XCBuildConfiguration;
			buildSettings = {
				ASSETCATALOG_COMPILER_APPICON_NAME = AppIcon;
				ASSETCATALOG_COMPILER_GLOBAL_ACCENT_COLOR_NAME = AccentColor;
				CLANG_CXX_LANGUAGE_STANDARD = "gnu++17";
				CLANG_ENABLE_OBJC_WEAK = YES;
				CLANG_WARN_QUOTED_INCLUDE_IN_FRAMEWORK_HEADER = YES;
				CODE_SIGN_ENTITLEMENTS = BoldlyGiffingMac/BoldlyGiffingMac.entitlements;
				CODE_SIGN_STYLE = Automatic;
				COMBINE_HIDPI_IMAGES = YES;
				CURRENT_PROJECT_VERSION = 1;
				DEVELOPMENT_ASSET_PATHS = "\"BoldlyGiffingMac/Preview Content\"";
				DEVELOPMENT_TEAM = AVB95ZHUR8;
				ENABLE_HARDENED_RUNTIME = YES;
				ENABLE_PREVIEWS = YES;
				GENERATE_INFOPLIST_FILE = YES;
				INFOPLIST_FILE = BoldlyGiffingMac/Info.plist;
				INFOPLIST_KEY_NSHumanReadableCopyright = "Copyright © 2022 SweetieApps. All rights reserved.";
				LD_RUNPATH_SEARCH_PATHS = (
					"$(inherited)",
					"@executable_path/../Frameworks",
				);
				MACOSX_DEPLOYMENT_TARGET = 12.2;
				MARKETING_VERSION = 1.0;
				MTL_ENABLE_DEBUG_INFO = INCLUDE_SOURCE;
				MTL_FAST_MATH = YES;
				PRODUCT_BUNDLE_IDENTIFIER = com.SweetSoftware.BoldlyGiffingMac;
				PRODUCT_NAME = "$(TARGET_NAME)";
				SDKROOT = macosx;
				SWIFT_EMIT_LOC_STRINGS = YES;
				SWIFT_VERSION = 5.0;
			};
			name = Debug;
		};
		C816505A27F65D1700281A8A /* Release */ = {
			isa = XCBuildConfiguration;
			buildSettings = {
				ASSETCATALOG_COMPILER_APPICON_NAME = AppIcon;
				ASSETCATALOG_COMPILER_GLOBAL_ACCENT_COLOR_NAME = AccentColor;
				CLANG_CXX_LANGUAGE_STANDARD = "gnu++17";
				CLANG_ENABLE_OBJC_WEAK = YES;
				CLANG_WARN_QUOTED_INCLUDE_IN_FRAMEWORK_HEADER = YES;
				CODE_SIGN_ENTITLEMENTS = BoldlyGiffingMac/BoldlyGiffingMac.entitlements;
				CODE_SIGN_STYLE = Automatic;
				COMBINE_HIDPI_IMAGES = YES;
				CURRENT_PROJECT_VERSION = 1;
				DEVELOPMENT_ASSET_PATHS = "\"BoldlyGiffingMac/Preview Content\"";
				DEVELOPMENT_TEAM = AVB95ZHUR8;
				ENABLE_HARDENED_RUNTIME = YES;
				ENABLE_PREVIEWS = YES;
				GENERATE_INFOPLIST_FILE = YES;
				INFOPLIST_FILE = BoldlyGiffingMac/Info.plist;
				INFOPLIST_KEY_NSHumanReadableCopyright = "Copyright © 2022 SweetieApps. All rights reserved.";
				LD_RUNPATH_SEARCH_PATHS = (
					"$(inherited)",
					"@executable_path/../Frameworks",
				);
				MACOSX_DEPLOYMENT_TARGET = 12.2;
				MARKETING_VERSION = 1.0;
				MTL_FAST_MATH = YES;
				PRODUCT_BUNDLE_IDENTIFIER = com.SweetSoftware.BoldlyGiffingMac;
				PRODUCT_NAME = "$(TARGET_NAME)";
				SDKROOT = macosx;
				SWIFT_EMIT_LOC_STRINGS = YES;
				SWIFT_VERSION = 5.0;
			};
			name = Release;
		};
		C816505B27F65D1700281A8A /* Debug */ = {
			isa = XCBuildConfiguration;
			buildSettings = {
				ALWAYS_EMBED_SWIFT_STANDARD_LIBRARIES = YES;
				BUNDLE_LOADER = "$(TEST_HOST)";
				CLANG_CXX_LANGUAGE_STANDARD = "gnu++17";
				CLANG_ENABLE_OBJC_WEAK = YES;
				CLANG_WARN_QUOTED_INCLUDE_IN_FRAMEWORK_HEADER = YES;
				CODE_SIGN_STYLE = Automatic;
				CURRENT_PROJECT_VERSION = 1;
				DEVELOPMENT_TEAM = AVB95ZHUR8;
				GENERATE_INFOPLIST_FILE = YES;
				MACOSX_DEPLOYMENT_TARGET = 12.2;
				MARKETING_VERSION = 1.0;
				MTL_ENABLE_DEBUG_INFO = INCLUDE_SOURCE;
				MTL_FAST_MATH = YES;
				PRODUCT_BUNDLE_IDENTIFIER = com.SweetSoftware.BoldlyGiffingMacTests;
				PRODUCT_NAME = "$(TARGET_NAME)";
				SDKROOT = macosx;
				SWIFT_EMIT_LOC_STRINGS = NO;
				SWIFT_VERSION = 5.0;
				TEST_HOST = "$(BUILT_PRODUCTS_DIR)/BoldlyGiffingMac.app/Contents/MacOS/BoldlyGiffingMac";
			};
			name = Debug;
		};
		C816505C27F65D1700281A8A /* Release */ = {
			isa = XCBuildConfiguration;
			buildSettings = {
				ALWAYS_EMBED_SWIFT_STANDARD_LIBRARIES = YES;
				BUNDLE_LOADER = "$(TEST_HOST)";
				CLANG_CXX_LANGUAGE_STANDARD = "gnu++17";
				CLANG_ENABLE_OBJC_WEAK = YES;
				CLANG_WARN_QUOTED_INCLUDE_IN_FRAMEWORK_HEADER = YES;
				CODE_SIGN_STYLE = Automatic;
				CURRENT_PROJECT_VERSION = 1;
				DEVELOPMENT_TEAM = AVB95ZHUR8;
				GENERATE_INFOPLIST_FILE = YES;
				MACOSX_DEPLOYMENT_TARGET = 12.2;
				MARKETING_VERSION = 1.0;
				MTL_FAST_MATH = YES;
				PRODUCT_BUNDLE_IDENTIFIER = com.SweetSoftware.BoldlyGiffingMacTests;
				PRODUCT_NAME = "$(TARGET_NAME)";
				SDKROOT = macosx;
				SWIFT_EMIT_LOC_STRINGS = NO;
				SWIFT_VERSION = 5.0;
				TEST_HOST = "$(BUILT_PRODUCTS_DIR)/BoldlyGiffingMac.app/Contents/MacOS/BoldlyGiffingMac";
			};
			name = Release;
		};
		C816505D27F65D1700281A8A /* Debug */ = {
			isa = XCBuildConfiguration;
			buildSettings = {
				ALWAYS_EMBED_SWIFT_STANDARD_LIBRARIES = YES;
				CLANG_CXX_LANGUAGE_STANDARD = "gnu++17";
				CLANG_ENABLE_OBJC_WEAK = YES;
				CLANG_WARN_QUOTED_INCLUDE_IN_FRAMEWORK_HEADER = YES;
				CODE_SIGN_STYLE = Automatic;
				CURRENT_PROJECT_VERSION = 1;
				DEVELOPMENT_TEAM = AVB95ZHUR8;
				GENERATE_INFOPLIST_FILE = YES;
				MACOSX_DEPLOYMENT_TARGET = 12.2;
				MARKETING_VERSION = 1.0;
				MTL_ENABLE_DEBUG_INFO = INCLUDE_SOURCE;
				MTL_FAST_MATH = YES;
				PRODUCT_BUNDLE_IDENTIFIER = com.SweetSoftware.BoldlyGiffingMacUITests;
				PRODUCT_NAME = "$(TARGET_NAME)";
				SDKROOT = macosx;
				SWIFT_EMIT_LOC_STRINGS = NO;
				SWIFT_VERSION = 5.0;
				TEST_TARGET_NAME = BoldlyGiffingMac;
			};
			name = Debug;
		};
		C816505E27F65D1700281A8A /* Release */ = {
			isa = XCBuildConfiguration;
			buildSettings = {
				ALWAYS_EMBED_SWIFT_STANDARD_LIBRARIES = YES;
				CLANG_CXX_LANGUAGE_STANDARD = "gnu++17";
				CLANG_ENABLE_OBJC_WEAK = YES;
				CLANG_WARN_QUOTED_INCLUDE_IN_FRAMEWORK_HEADER = YES;
				CODE_SIGN_STYLE = Automatic;
				CURRENT_PROJECT_VERSION = 1;
				DEVELOPMENT_TEAM = AVB95ZHUR8;
				GENERATE_INFOPLIST_FILE = YES;
				MACOSX_DEPLOYMENT_TARGET = 12.2;
				MARKETING_VERSION = 1.0;
				MTL_FAST_MATH = YES;
				PRODUCT_BUNDLE_IDENTIFIER = com.SweetSoftware.BoldlyGiffingMacUITests;
				PRODUCT_NAME = "$(TARGET_NAME)";
				SDKROOT = macosx;
				SWIFT_EMIT_LOC_STRINGS = NO;
				SWIFT_VERSION = 5.0;
				TEST_TARGET_NAME = BoldlyGiffingMac;
			};
			name = Release;
		};
		C89DE55D1F06E636000ABC82 /* Debug */ = {
			isa = XCBuildConfiguration;
			buildSettings = {
				ALWAYS_SEARCH_USER_PATHS = NO;
				CLANG_ANALYZER_NONNULL = YES;
				CLANG_ANALYZER_NUMBER_OBJECT_CONVERSION = YES_AGGRESSIVE;
				CLANG_CXX_LANGUAGE_STANDARD = "gnu++14";
				CLANG_CXX_LIBRARY = "libc++";
				CLANG_ENABLE_MODULES = YES;
				CLANG_ENABLE_OBJC_ARC = YES;
				CLANG_WARN_BLOCK_CAPTURE_AUTORELEASING = YES;
				CLANG_WARN_BOOL_CONVERSION = YES;
				CLANG_WARN_COMMA = YES;
				CLANG_WARN_CONSTANT_CONVERSION = YES;
				CLANG_WARN_DEPRECATED_OBJC_IMPLEMENTATIONS = YES;
				CLANG_WARN_DIRECT_OBJC_ISA_USAGE = YES_ERROR;
				CLANG_WARN_DOCUMENTATION_COMMENTS = YES;
				CLANG_WARN_EMPTY_BODY = YES;
				CLANG_WARN_ENUM_CONVERSION = YES;
				CLANG_WARN_INFINITE_RECURSION = YES;
				CLANG_WARN_INT_CONVERSION = YES;
				CLANG_WARN_NON_LITERAL_NULL_CONVERSION = YES;
				CLANG_WARN_OBJC_IMPLICIT_RETAIN_SELF = YES;
				CLANG_WARN_OBJC_LITERAL_CONVERSION = YES;
				CLANG_WARN_OBJC_ROOT_CLASS = YES_ERROR;
				CLANG_WARN_RANGE_LOOP_ANALYSIS = YES;
				CLANG_WARN_STRICT_PROTOTYPES = YES;
				CLANG_WARN_SUSPICIOUS_MOVE = YES;
				CLANG_WARN_UNGUARDED_AVAILABILITY = YES_AGGRESSIVE;
				CLANG_WARN_UNREACHABLE_CODE = YES;
				CLANG_WARN__DUPLICATE_METHOD_MATCH = YES;
				CODE_SIGN_IDENTITY = "iPhone Developer";
				COPY_PHASE_STRIP = NO;
				DEBUG_INFORMATION_FORMAT = dwarf;
				ENABLE_STRICT_OBJC_MSGSEND = YES;
				ENABLE_TESTABILITY = YES;
				GCC_C_LANGUAGE_STANDARD = gnu11;
				GCC_DYNAMIC_NO_PIC = NO;
				GCC_NO_COMMON_BLOCKS = YES;
				GCC_OPTIMIZATION_LEVEL = 0;
				GCC_PREPROCESSOR_DEFINITIONS = (
					"DEBUG=1",
					"$(inherited)",
				);
				GCC_WARN_64_TO_32_BIT_CONVERSION = YES;
				GCC_WARN_ABOUT_RETURN_TYPE = YES_ERROR;
				GCC_WARN_UNDECLARED_SELECTOR = YES;
				GCC_WARN_UNINITIALIZED_AUTOS = YES_AGGRESSIVE;
				GCC_WARN_UNUSED_FUNCTION = YES;
				GCC_WARN_UNUSED_VARIABLE = YES;
				IPHONEOS_DEPLOYMENT_TARGET = 15.0;
				MTL_ENABLE_DEBUG_INFO = YES;
				ONLY_ACTIVE_ARCH = YES;
				SDKROOT = iphoneos;
				SWIFT_ACTIVE_COMPILATION_CONDITIONS = DEBUG;
				SWIFT_OPTIMIZATION_LEVEL = "-Onone";
			};
			name = Debug;
		};
		C89DE55E1F06E636000ABC82 /* Release */ = {
			isa = XCBuildConfiguration;
			buildSettings = {
				ALWAYS_SEARCH_USER_PATHS = NO;
				CLANG_ANALYZER_NONNULL = YES;
				CLANG_ANALYZER_NUMBER_OBJECT_CONVERSION = YES_AGGRESSIVE;
				CLANG_CXX_LANGUAGE_STANDARD = "gnu++14";
				CLANG_CXX_LIBRARY = "libc++";
				CLANG_ENABLE_MODULES = YES;
				CLANG_ENABLE_OBJC_ARC = YES;
				CLANG_WARN_BLOCK_CAPTURE_AUTORELEASING = YES;
				CLANG_WARN_BOOL_CONVERSION = YES;
				CLANG_WARN_COMMA = YES;
				CLANG_WARN_CONSTANT_CONVERSION = YES;
				CLANG_WARN_DEPRECATED_OBJC_IMPLEMENTATIONS = YES;
				CLANG_WARN_DIRECT_OBJC_ISA_USAGE = YES_ERROR;
				CLANG_WARN_DOCUMENTATION_COMMENTS = YES;
				CLANG_WARN_EMPTY_BODY = YES;
				CLANG_WARN_ENUM_CONVERSION = YES;
				CLANG_WARN_INFINITE_RECURSION = YES;
				CLANG_WARN_INT_CONVERSION = YES;
				CLANG_WARN_NON_LITERAL_NULL_CONVERSION = YES;
				CLANG_WARN_OBJC_IMPLICIT_RETAIN_SELF = YES;
				CLANG_WARN_OBJC_LITERAL_CONVERSION = YES;
				CLANG_WARN_OBJC_ROOT_CLASS = YES_ERROR;
				CLANG_WARN_RANGE_LOOP_ANALYSIS = YES;
				CLANG_WARN_STRICT_PROTOTYPES = YES;
				CLANG_WARN_SUSPICIOUS_MOVE = YES;
				CLANG_WARN_UNGUARDED_AVAILABILITY = YES_AGGRESSIVE;
				CLANG_WARN_UNREACHABLE_CODE = YES;
				CLANG_WARN__DUPLICATE_METHOD_MATCH = YES;
				CODE_SIGN_IDENTITY = "iPhone Developer";
				COPY_PHASE_STRIP = NO;
				DEBUG_INFORMATION_FORMAT = "dwarf-with-dsym";
				ENABLE_NS_ASSERTIONS = NO;
				ENABLE_STRICT_OBJC_MSGSEND = YES;
				GCC_C_LANGUAGE_STANDARD = gnu11;
				GCC_NO_COMMON_BLOCKS = YES;
				GCC_WARN_64_TO_32_BIT_CONVERSION = YES;
				GCC_WARN_ABOUT_RETURN_TYPE = YES_ERROR;
				GCC_WARN_UNDECLARED_SELECTOR = YES;
				GCC_WARN_UNINITIALIZED_AUTOS = YES_AGGRESSIVE;
				GCC_WARN_UNUSED_FUNCTION = YES;
				GCC_WARN_UNUSED_VARIABLE = YES;
				IPHONEOS_DEPLOYMENT_TARGET = 15.0;
				MTL_ENABLE_DEBUG_INFO = NO;
				SDKROOT = iphoneos;
				SWIFT_COMPILATION_MODE = wholemodule;
				SWIFT_OPTIMIZATION_LEVEL = "-O";
				VALIDATE_PRODUCT = YES;
			};
			name = Release;
		};
		C89DE5601F06E636000ABC82 /* Debug */ = {
			isa = XCBuildConfiguration;
			buildSettings = {
				ASSETCATALOG_COMPILER_APPICON_NAME = "iMessage App Icon";
				DEVELOPMENT_TEAM = AVB95ZHUR8;
				FRAMEWORK_SEARCH_PATHS = (
					"$(inherited)",
					"$(PROJECT_DIR)/Carthage/Build/iOS",
				);
				INFOPLIST_FILE = "$(SRCROOT)/BoldyGiffing MessagesExtension/Resources/Info.plist";
				LD_RUNPATH_SEARCH_PATHS = (
					"$(inherited)",
					"@executable_path/Frameworks",
					"@executable_path/../../Frameworks",
				);
				PRODUCT_BUNDLE_IDENTIFIER = com.aaronwilliams.BoldyGiffing.MessagesExtension;
				PRODUCT_NAME = "$(TARGET_NAME)";
				SKIP_INSTALL = YES;
				SWIFT_VERSION = 4.2;
				TARGETED_DEVICE_FAMILY = "1,2";
			};
			name = Debug;
		};
		C89DE5611F06E636000ABC82 /* Release */ = {
			isa = XCBuildConfiguration;
			buildSettings = {
				ASSETCATALOG_COMPILER_APPICON_NAME = "iMessage App Icon";
				DEVELOPMENT_TEAM = AVB95ZHUR8;
				FRAMEWORK_SEARCH_PATHS = (
					"$(inherited)",
					"$(PROJECT_DIR)/Carthage/Build/iOS",
				);
				INFOPLIST_FILE = "$(SRCROOT)/BoldyGiffing MessagesExtension/Resources/Info.plist";
				LD_RUNPATH_SEARCH_PATHS = (
					"$(inherited)",
					"@executable_path/Frameworks",
					"@executable_path/../../Frameworks",
				);
				PRODUCT_BUNDLE_IDENTIFIER = com.aaronwilliams.BoldyGiffing.MessagesExtension;
				PRODUCT_NAME = "$(TARGET_NAME)";
				SKIP_INSTALL = YES;
				SWIFT_VERSION = 4.2;
				TARGETED_DEVICE_FAMILY = "1,2";
			};
			name = Release;
		};
		C89DE5641F06E636000ABC82 /* Debug */ = {
			isa = XCBuildConfiguration;
			buildSettings = {
				ALWAYS_EMBED_SWIFT_STANDARD_LIBRARIES = YES;
				ASSETCATALOG_COMPILER_APPICON_NAME = AppIcon;
				DEVELOPMENT_TEAM = AVB95ZHUR8;
				INFOPLIST_FILE = BoldyGiffing/Info.plist;
				PRODUCT_BUNDLE_IDENTIFIER = com.aaronwilliams.BoldyGiffing;
				PRODUCT_NAME = "$(TARGET_NAME)";
				SWIFT_VERSION = 4.0;
				TARGETED_DEVICE_FAMILY = "1,2";
			};
			name = Debug;
		};
		C89DE5651F06E636000ABC82 /* Release */ = {
			isa = XCBuildConfiguration;
			buildSettings = {
				ALWAYS_EMBED_SWIFT_STANDARD_LIBRARIES = YES;
				ASSETCATALOG_COMPILER_APPICON_NAME = AppIcon;
				DEVELOPMENT_TEAM = AVB95ZHUR8;
				INFOPLIST_FILE = BoldyGiffing/Info.plist;
				PRODUCT_BUNDLE_IDENTIFIER = com.aaronwilliams.BoldyGiffing;
				PRODUCT_NAME = "$(TARGET_NAME)";
				SWIFT_VERSION = 4.0;
				TARGETED_DEVICE_FAMILY = "1,2";
			};
			name = Release;
		};
/* End XCBuildConfiguration section */

/* Begin XCConfigurationList section */
		C816505F27F65D1700281A8A /* Build configuration list for PBXNativeTarget "BoldlyGiffingMac" */ = {
			isa = XCConfigurationList;
			buildConfigurations = (
				C816505927F65D1700281A8A /* Debug */,
				C816505A27F65D1700281A8A /* Release */,
			);
			defaultConfigurationIsVisible = 0;
			defaultConfigurationName = Release;
		};
		C816506027F65D1700281A8A /* Build configuration list for PBXNativeTarget "BoldlyGiffingMacTests" */ = {
			isa = XCConfigurationList;
			buildConfigurations = (
				C816505B27F65D1700281A8A /* Debug */,
				C816505C27F65D1700281A8A /* Release */,
			);
			defaultConfigurationIsVisible = 0;
			defaultConfigurationName = Release;
		};
		C816506127F65D1700281A8A /* Build configuration list for PBXNativeTarget "BoldlyGiffingMacUITests" */ = {
			isa = XCConfigurationList;
			buildConfigurations = (
				C816505D27F65D1700281A8A /* Debug */,
				C816505E27F65D1700281A8A /* Release */,
			);
			defaultConfigurationIsVisible = 0;
			defaultConfigurationName = Release;
		};
		C89DE5401F06E636000ABC82 /* Build configuration list for PBXProject "BoldyGiffing" */ = {
			isa = XCConfigurationList;
			buildConfigurations = (
				C89DE55D1F06E636000ABC82 /* Debug */,
				C89DE55E1F06E636000ABC82 /* Release */,
			);
			defaultConfigurationIsVisible = 0;
			defaultConfigurationName = Release;
		};
		C89DE55F1F06E636000ABC82 /* Build configuration list for PBXNativeTarget "BoldyGiffing MessagesExtension" */ = {
			isa = XCConfigurationList;
			buildConfigurations = (
				C89DE5601F06E636000ABC82 /* Debug */,
				C89DE5611F06E636000ABC82 /* Release */,
			);
			defaultConfigurationIsVisible = 0;
			defaultConfigurationName = Release;
		};
		C89DE5631F06E636000ABC82 /* Build configuration list for PBXNativeTarget "BoldyGiffing" */ = {
			isa = XCConfigurationList;
			buildConfigurations = (
				C89DE5641F06E636000ABC82 /* Debug */,
				C89DE5651F06E636000ABC82 /* Release */,
			);
			defaultConfigurationIsVisible = 0;
			defaultConfigurationName = Release;
		};
/* End XCConfigurationList section */

/* Begin XCRemoteSwiftPackageReference section */
		C8D753A027F79A29004B4699 /* XCRemoteSwiftPackageReference "SDWebImageSwiftUI" */ = {
			isa = XCRemoteSwiftPackageReference;
			repositoryURL = "https://github.com/SDWebImage/SDWebImageSwiftUI.git";
			requirement = {
				kind = upToNextMajorVersion;
				minimumVersion = 2.0.0;
			};
		};
/* End XCRemoteSwiftPackageReference section */

/* Begin XCSwiftPackageProductDependency section */
		C8D753A127F79A29004B4699 /* SDWebImageSwiftUI */ = {
			isa = XCSwiftPackageProductDependency;
			package = C8D753A027F79A29004B4699 /* XCRemoteSwiftPackageReference "SDWebImageSwiftUI" */;
			productName = SDWebImageSwiftUI;
		};
		C8D753A227F79A4D004B4699 /* SDWebImageSwiftUI */ = {
			isa = XCSwiftPackageProductDependency;
			package = C8D753A027F79A29004B4699 /* XCRemoteSwiftPackageReference "SDWebImageSwiftUI" */;
			productName = SDWebImageSwiftUI;
		};
		C8D753AA27F7ABE7004B4699 /* SDWebImageSwiftUI */ = {
			isa = XCSwiftPackageProductDependency;
			package = C8D753A027F79A29004B4699 /* XCRemoteSwiftPackageReference "SDWebImageSwiftUI" */;
			productName = SDWebImageSwiftUI;
		};
/* End XCSwiftPackageProductDependency section */
	};
	rootObject = C89DE53D1F06E636000ABC82 /* Project object */;
}
